
Microsoft Visual Studio Solution File, Format Version 12.00
# Visual Studio 15
VisualStudioVersion = 15.0.28307.779
MinimumVisualStudioVersion = 10.0.40219.1
Project("{FAE04EC0-301F-11D3-BF4B-00C04F79EFBC}") = "MyProject", "MyProject\MyProject.csproj", "{303B45A3-31BE-4694-94AC-BEF81A3074CF}"
EndProject
Project("{FAE04EC0-301F-11D3-BF4B-00C04F79EFBC}") = "WebAPI", "WebAPI\WebAPI.csproj", "{F4766D4F-6371-49A4-B17C-BCB502C4952A}"
EndProject
Global
	GlobalSection(SolutionConfigurationPlatforms) = preSolution
		Debug|Any CPU = Debug|Any CPU
		Release|Any CPU = Release|Any CPU
	EndGlobalSection
	GlobalSection(ProjectConfigurationPlatforms) = postSolution
		{303B45A3-31BE-4694-94AC-BEF81A3074CF}.Debug|Any CPU.ActiveCfg = Debug|Any CPU
		{303B45A3-31BE-4694-94AC-BEF81A3074CF}.Debug|Any CPU.Build.0 = Debug|Any CPU
		{303B45A3-31BE-4694-94AC-BEF81A3074CF}.Release|Any CPU.ActiveCfg = Release|Any CPU
		{303B45A3-31BE-4694-94AC-BEF81A3074CF}.Release|Any CPU.Build.0 = Release|Any CPU
		{F4766D4F-6371-49A4-B17C-BCB502C4952A}.Debug|Any CPU.ActiveCfg = Debug|Any CPU
		{F4766D4F-6371-49A4-B17C-BCB502C4952A}.Debug|Any CPU.Build.0 = Debug|Any CPU
		{F4766D4F-6371-49A4-B17C-BCB502C4952A}.Release|Any CPU.ActiveCfg = Release|Any CPU
		{F4766D4F-6371-49A4-B17C-BCB502C4952A}.Release|Any CPU.Build.0 = Release|Any CPU
	EndGlobalSection
	GlobalSection(SolutionProperties) = preSolution
		HideSolutionNode = FALSE
	EndGlobalSection
	GlobalSection(ExtensibilityGlobals) = postSolution
		SolutionGuid = {CC4CD839-2D69-42F4-BFC3-949EAAA4C6EE}
	EndGlobalSection
EndGlobal
